// !$*UTF8*$!
{
	archiveVersion = 1;
	classes = {
	};
	objectVersion = 55;
	objects = {

/* Begin PBXBuildFile section */
		DE147C20284D0D0F00C6D02B /* AppDelegate.swift in Sources */ = {isa = PBXBuildFile; fileRef = DE147C1F284D0D0F00C6D02B /* AppDelegate.swift */; };
		DE147C22284D0D0F00C6D02B /* ContentView.swift in Sources */ = {isa = PBXBuildFile; fileRef = DE147C21284D0D0F00C6D02B /* ContentView.swift */; };
		DE147C24284D0D0F00C6D02B /* Experience.rcproject in Sources */ = {isa = PBXBuildFile; fileRef = DE147C23284D0D0F00C6D02B /* Experience.rcproject */; };
		DE147C26284D0D1100C6D02B /* Assets.xcassets in Resources */ = {isa = PBXBuildFile; fileRef = DE147C25284D0D1100C6D02B /* Assets.xcassets */; };
		DE147C29284D0D1100C6D02B /* Preview Assets.xcassets in Resources */ = {isa = PBXBuildFile; fileRef = DE147C28284D0D1100C6D02B /* Preview Assets.xcassets */; };
		DE147C30284D0DA700C6D02B /* ViewController.swift in Sources */ = {isa = PBXBuildFile; fileRef = DE147C2F284D0DA700C6D02B /* ViewController.swift */; };
		DE147C32284D0DE400C6D02B /* DataModel.swift in Sources */ = {isa = PBXBuildFile; fileRef = DE147C31284D0DE400C6D02B /* DataModel.swift */; };
		DE147C34284D0E1700C6D02B /* ARDisplayView.swift in Sources */ = {isa = PBXBuildFile; fileRef = DE147C33284D0E1700C6D02B /* ARDisplayView.swift */; };
		DE147C36284D0E6400C6D02B /* ARUIView.swift in Sources */ = {isa = PBXBuildFile; fileRef = DE147C35284D0E6400C6D02B /* ARUIView.swift */; };
		DE147C44284D972F00C6D02B /* All_Might_Scene.rcproject in Sources */ = {isa = PBXBuildFile; fileRef = DE147C43284D972F00C6D02B /* All_Might_Scene.rcproject */; };
/* End PBXBuildFile section */

/* Begin PBXFileReference section */
		DE147C1C284D0D0F00C6D02B /* Fight2.app */ = {isa = PBXFileReference; explicitFileType = wrapper.application; includeInIndex = 0; path = Fight2.app; sourceTree = BUILT_PRODUCTS_DIR; };
		DE147C1F284D0D0F00C6D02B /* AppDelegate.swift */ = {isa = PBXFileReference; lastKnownFileType = sourcecode.swift; path = AppDelegate.swift; sourceTree = "<group>"; };
		DE147C21284D0D0F00C6D02B /* ContentView.swift */ = {isa = PBXFileReference; lastKnownFileType = sourcecode.swift; path = ContentView.swift; sourceTree = "<group>"; };
		DE147C23284D0D0F00C6D02B /* Experience.rcproject */ = {isa = PBXFileReference; lastKnownFileType = file.rcproject; path = Experience.rcproject; sourceTree = "<group>"; };
		DE147C25284D0D1100C6D02B /* Assets.xcassets */ = {isa = PBXFileReference; lastKnownFileType = folder.assetcatalog; path = Assets.xcassets; sourceTree = "<group>"; };
		DE147C28284D0D1100C6D02B /* Preview Assets.xcassets */ = {isa = PBXFileReference; lastKnownFileType = folder.assetcatalog; path = "Preview Assets.xcassets"; sourceTree = "<group>"; };
		DE147C2F284D0DA700C6D02B /* ViewController.swift */ = {isa = PBXFileReference; lastKnownFileType = sourcecode.swift; path = ViewController.swift; sourceTree = "<group>"; };
		DE147C31284D0DE400C6D02B /* DataModel.swift */ = {isa = PBXFileReference; lastKnownFileType = sourcecode.swift; path = DataModel.swift; sourceTree = "<group>"; };
		DE147C33284D0E1700C6D02B /* ARDisplayView.swift */ = {isa = PBXFileReference; lastKnownFileType = sourcecode.swift; path = ARDisplayView.swift; sourceTree = "<group>"; };
		DE147C35284D0E6400C6D02B /* ARUIView.swift */ = {isa = PBXFileReference; lastKnownFileType = sourcecode.swift; path = ARUIView.swift; sourceTree = "<group>"; };
		DE147C43284D972F00C6D02B /* All_Might_Scene.rcproject */ = {isa = PBXFileReference; lastKnownFileType = file.rcproject; path = All_Might_Scene.rcproject; sourceTree = "<group>"; };
/* End PBXFileReference section */

/* Begin PBXFrameworksBuildPhase section */
		DE147C19284D0D0F00C6D02B /* Frameworks */ = {
			isa = PBXFrameworksBuildPhase;
			buildActionMask = 2147483647;
			files = (
			);
			runOnlyForDeploymentPostprocessing = 0;
		};
/* End PBXFrameworksBuildPhase section */

/* Begin PBXGroup section */
		DE147C13284D0D0F00C6D02B = {
			isa = PBXGroup;
			children = (
				DE147C1E284D0D0F00C6D02B /* Fight2 */,
				DE147C1D284D0D0F00C6D02B /* Products */,
			);
			sourceTree = "<group>";
		};
		DE147C1D284D0D0F00C6D02B /* Products */ = {
			isa = PBXGroup;
			children = (
				DE147C1C284D0D0F00C6D02B /* Fight2.app */,
			);
			name = Products;
			sourceTree = "<group>";
		};
		DE147C1E284D0D0F00C6D02B /* Fight2 */ = {
			isa = PBXGroup;
			children = (
				DE147C1F284D0D0F00C6D02B /* AppDelegate.swift */,
				DE147C21284D0D0F00C6D02B /* ContentView.swift */,
				DE147C2F284D0DA700C6D02B /* ViewController.swift */,
				DE147C31284D0DE400C6D02B /* DataModel.swift */,
				DE147C33284D0E1700C6D02B /* ARDisplayView.swift */,
				DE147C35284D0E6400C6D02B /* ARUIView.swift */,
				DE147C23284D0D0F00C6D02B /* Experience.rcproject */,
				DE147C25284D0D1100C6D02B /* Assets.xcassets */,
				DE147C27284D0D1100C6D02B /* Preview Content */,
			);
			path = Fight2;
			sourceTree = "<group>";
		};
		DE147C27284D0D1100C6D02B /* Preview Content */ = {
			isa = PBXGroup;
			children = (
				DE147C43284D972F00C6D02B /* All_Might_Scene.rcproject */,
				DE147C28284D0D1100C6D02B /* Preview Assets.xcassets */,
			);
			path = "Preview Content";
			sourceTree = "<group>";
		};
/* End PBXGroup section */

/* Begin PBXNativeTarget section */
		DE147C1B284D0D0F00C6D02B /* Fight2 */ = {
			isa = PBXNativeTarget;
			buildConfigurationList = DE147C2C284D0D1100C6D02B /* Build configuration list for PBXNativeTarget "Fight2" */;
			buildPhases = (
				DE147C18284D0D0F00C6D02B /* Sources */,
				DE147C19284D0D0F00C6D02B /* Frameworks */,
				DE147C1A284D0D0F00C6D02B /* Resources */,
			);
			buildRules = (
			);
			dependencies = (
			);
			name = Fight2;
			productName = Fight2;
			productReference = DE147C1C284D0D0F00C6D02B /* Fight2.app */;
			productType = "com.apple.product-type.application";
		};
/* End PBXNativeTarget section */

/* Begin PBXProject section */
		DE147C14284D0D0F00C6D02B /* Project object */ = {
			isa = PBXProject;
			attributes = {
				BuildIndependentTargetsInParallel = 1;
				LastSwiftUpdateCheck = 1330;
				LastUpgradeCheck = 1330;
				TargetAttributes = {
					DE147C1B284D0D0F00C6D02B = {
						CreatedOnToolsVersion = 13.3.1;
					};
				};
			};
			buildConfigurationList = DE147C17284D0D0F00C6D02B /* Build configuration list for PBXProject "Fight2" */;
			compatibilityVersion = "Xcode 13.0";
			developmentRegion = en;
			hasScannedForEncodings = 0;
			knownRegions = (
				en,
				Base,
			);
			mainGroup = DE147C13284D0D0F00C6D02B;
			productRefGroup = DE147C1D284D0D0F00C6D02B /* Products */;
			projectDirPath = "";
			projectRoot = "";
			targets = (
				DE147C1B284D0D0F00C6D02B /* Fight2 */,
			);
		};
/* End PBXProject section */

/* Begin PBXResourcesBuildPhase section */
		DE147C1A284D0D0F00C6D02B /* Resources */ = {
			isa = PBXResourcesBuildPhase;
			buildActionMask = 2147483647;
			files = (
				DE147C29284D0D1100C6D02B /* Preview Assets.xcassets in Resources */,
				DE147C26284D0D1100C6D02B /* Assets.xcassets in Resources */,
			);
			runOnlyForDeploymentPostprocessing = 0;
		};
/* End PBXResourcesBuildPhase section */

/* Begin PBXSourcesBuildPhase section */
		DE147C18284D0D0F00C6D02B /* Sources */ = {
			isa = PBXSourcesBuildPhase;
			buildActionMask = 2147483647;
			files = (
				DE147C32284D0DE400C6D02B /* DataModel.swift in Sources */,
				DE147C44284D972F00C6D02B /* All_Might_Scene.rcproject in Sources */,
				DE147C22284D0D0F00C6D02B /* ContentView.swift in Sources */,
				DE147C20284D0D0F00C6D02B /* AppDelegate.swift in Sources */,
				DE147C30284D0DA700C6D02B /* ViewController.swift in Sources */,
				DE147C36284D0E6400C6D02B /* ARUIView.swift in Sources */,
				DE147C34284D0E1700C6D02B /* ARDisplayView.swift in Sources */,
				DE147C24284D0D0F00C6D02B /* Experience.rcproject in Sources */,
			);
			runOnlyForDeploymentPostprocessing = 0;
		};
/* End PBXSourcesBuildPhase section */

/* Begin XCBuildConfiguration section */
		DE147C2A284D0D1100C6D02B /* Debug */ = {
			isa = XCBuildConfiguration;
			buildSettings = {
				ALWAYS_SEARCH_USER_PATHS = NO;
				CLANG_ANALYZER_NONNULL = YES;
				CLANG_ANALYZER_NUMBER_OBJECT_CONVERSION = YES_AGGRESSIVE;
				CLANG_CXX_LANGUAGE_STANDARD = "gnu++17";
				CLANG_ENABLE_MODULES = YES;
				CLANG_ENABLE_OBJC_ARC = YES;
				CLANG_ENABLE_OBJC_WEAK = YES;
				CLANG_WARN_BLOCK_CAPTURE_AUTORELEASING = YES;
				CLANG_WARN_BOOL_CONVERSION = YES;
				CLANG_WARN_COMMA = YES;
				CLANG_WARN_CONSTANT_CONVERSION = YES;
				CLANG_WARN_DEPRECATED_OBJC_IMPLEMENTATIONS = YES;
				CLANG_WARN_DIRECT_OBJC_ISA_USAGE = YES_ERROR;
				CLANG_WARN_DOCUMENTATION_COMMENTS = YES;
				CLANG_WARN_EMPTY_BODY = YES;
				CLANG_WARN_ENUM_CONVERSION = YES;
				CLANG_WARN_INFINITE_RECURSION = YES;
				CLANG_WARN_INT_CONVERSION = YES;
				CLANG_WARN_NON_LITERAL_NULL_CONVERSION = YES;
				CLANG_WARN_OBJC_IMPLICIT_RETAIN_SELF = YES;
				CLANG_WARN_OBJC_LITERAL_CONVERSION = YES;
				CLANG_WARN_OBJC_ROOT_CLASS = YES_ERROR;
				CLANG_WARN_QUOTED_INCLUDE_IN_FRAMEWORK_HEADER = YES;
				CLANG_WARN_RANGE_LOOP_ANALYSIS = YES;
				CLANG_WARN_STRICT_PROTOTYPES = YES;
				CLANG_WARN_SUSPICIOUS_MOVE = YES;
				CLANG_WARN_UNGUARDED_AVAILABILITY = YES_AGGRESSIVE;
				CLANG_WARN_UNREACHABLE_CODE = YES;
				CLANG_WARN__DUPLICATE_METHOD_MATCH = YES;
				COPY_PHASE_STRIP = NO;
				DEBUG_INFORMATION_FORMAT = dwarf;
				ENABLE_STRICT_OBJC_MSGSEND = YES;
				ENABLE_TESTABILITY = YES;
				GCC_C_LANGUAGE_STANDARD = gnu11;
				GCC_DYNAMIC_NO_PIC = NO;
				GCC_NO_COMMON_BLOCKS = YES;
				GCC_OPTIMIZATION_LEVEL = 0;
				GCC_PREPROCESSOR_DEFINITIONS = (
					"DEBUG=1",
					"$(inherited)",
				);
				GCC_WARN_64_TO_32_BIT_CONVERSION = YES;
				GCC_WARN_ABOUT_RETURN_TYPE = YES_ERROR;
				GCC_WARN_UNDECLARED_SELECTOR = YES;
				GCC_WARN_UNINITIALIZED_AUTOS = YES_AGGRESSIVE;
				GCC_WARN_UNUSED_FUNCTION = YES;
				GCC_WARN_UNUSED_VARIABLE = YES;
				IPHONEOS_DEPLOYMENT_TARGET = 15.4;
				MTL_ENABLE_DEBUG_INFO = INCLUDE_SOURCE;
				MTL_FAST_MATH = YES;
				ONLY_ACTIVE_ARCH = YES;
				SDKROOT = iphoneos;
				SWIFT_ACTIVE_COMPILATION_CONDITIONS = DEBUG;
				SWIFT_OPTIMIZATION_LEVEL = "-Onone";
			};
			name = Debug;
		};
		DE147C2B284D0D1100C6D02B /* Release */ = {
			isa = XCBuildConfiguration;
			buildSettings = {
				ALWAYS_SEARCH_USER_PATHS = NO;
				CLANG_ANALYZER_NONNULL = YES;
				CLANG_ANALYZER_NUMBER_OBJECT_CONVERSION = YES_AGGRESSIVE;
				CLANG_CXX_LANGUAGE_STANDARD = "gnu++17";
				CLANG_ENABLE_MODULES = YES;
				CLANG_ENABLE_OBJC_ARC = YES;
				CLANG_ENABLE_OBJC_WEAK = YES;
				CLANG_WARN_BLOCK_CAPTURE_AUTORELEASING = YES;
				CLANG_WARN_BOOL_CONVERSION = YES;
				CLANG_WARN_COMMA = YES;
				CLANG_WARN_CONSTANT_CONVERSION = YES;
				CLANG_WARN_DEPRECATED_OBJC_IMPLEMENTATIONS = YES;
				CLANG_WARN_DIRECT_OBJC_ISA_USAGE = YES_ERROR;
				CLANG_WARN_DOCUMENTATION_COMMENTS = YES;
				CLANG_WARN_EMPTY_BODY = YES;
				CLANG_WARN_ENUM_CONVERSION = YES;
				CLANG_WARN_INFINITE_RECURSION = YES;
				CLANG_WARN_INT_CONVERSION = YES;
				CLANG_WARN_NON_LITERAL_NULL_CONVERSION = YES;
				CLANG_WARN_OBJC_IMPLICIT_RETAIN_SELF = YES;
				CLANG_WARN_OBJC_LITERAL_CONVERSION = YES;
				CLANG_WARN_OBJC_ROOT_CLASS = YES_ERROR;
				CLANG_WARN_QUOTED_INCLUDE_IN_FRAMEWORK_HEADER = YES;
				CLANG_WARN_RANGE_LOOP_ANALYSIS = YES;
				CLANG_WARN_STRICT_PROTOTYPES = YES;
				CLANG_WARN_SUSPICIOUS_MOVE = YES;
				CLANG_WARN_UNGUARDED_AVAILABILITY = YES_AGGRESSIVE;
				CLANG_WARN_UNREACHABLE_CODE = YES;
				CLANG_WARN__DUPLICATE_METHOD_MATCH = YES;
				COPY_PHASE_STRIP = NO;
				DEBUG_INFORMATION_FORMAT = "dwarf-with-dsym";
				ENABLE_NS_ASSERTIONS = NO;
				ENABLE_STRICT_OBJC_MSGSEND = YES;
				GCC_C_LANGUAGE_STANDARD = gnu11;
				GCC_NO_COMMON_BLOCKS = YES;
				GCC_WARN_64_TO_32_BIT_CONVERSION = YES;
				GCC_WARN_ABOUT_RETURN_TYPE = YES_ERROR;
				GCC_WARN_UNDECLARED_SELECTOR = YES;
				GCC_WARN_UNINITIALIZED_AUTOS = YES_AGGRESSIVE;
				GCC_WARN_UNUSED_FUNCTION = YES;
				GCC_WARN_UNUSED_VARIABLE = YES;
				IPHONEOS_DEPLOYMENT_TARGET = 15.4;
				MTL_ENABLE_DEBUG_INFO = NO;
				MTL_FAST_MATH = YES;
				SDKROOT = iphoneos;
				SWIFT_COMPILATION_MODE = wholemodule;
				SWIFT_OPTIMIZATION_LEVEL = "-O";
				VALIDATE_PRODUCT = YES;
			};
			name = Release;
		};
		DE147C2D284D0D1100C6D02B /* Debug */ = {
			isa = XCBuildConfiguration;
			buildSettings = {
				ASSETCATALOG_COMPILER_APPICON_NAME = AppIcon;
				ASSETCATALOG_COMPILER_GLOBAL_ACCENT_COLOR_NAME = AccentColor;
				CODE_SIGN_STYLE = Automatic;
				CURRENT_PROJECT_VERSION = 1;
				DEVELOPMENT_ASSET_PATHS = "\"Fight2/Preview Content\"";
				DEVELOPMENT_TEAM = 8B64X8G656;
				ENABLE_PREVIEWS = YES;
				GENERATE_INFOPLIST_FILE = YES;
				INFOPLIST_KEY_NSCameraUsageDescription = "";
				INFOPLIST_KEY_UIApplicationSupportsIndirectInputEvents = YES;
				INFOPLIST_KEY_UILaunchScreen_Generation = YES;
				INFOPLIST_KEY_UIRequiredDeviceCapabilities = arkit;
				INFOPLIST_KEY_UIStatusBarHidden = YES;
				INFOPLIST_KEY_UISupportedInterfaceOrientations_iPad = "UIInterfaceOrientationPortrait UIInterfaceOrientationPortraitUpsideDown UIInterfaceOrientationLandscapeLeft UIInterfaceOrientationLandscapeRight";
				INFOPLIST_KEY_UISupportedInterfaceOrientations_iPhone = "UIInterfaceOrientationPortrait UIInterfaceOrientationLandscapeLeft UIInterfaceOrientationLandscapeRight";
				IPHONEOS_DEPLOYMENT_TARGET = 15.0;
				LD_RUNPATH_SEARCH_PATHS = (
					"$(inherited)",
					"@executable_path/Frameworks",
				);
				MARKETING_VERSION = 1.0;
				PRODUCT_BUNDLE_IDENTIFIER = com.brianr.Fight2;
				PRODUCT_NAME = "$(TARGET_NAME)";
				SWIFT_EMIT_LOC_STRINGS = YES;
				SWIFT_VERSION = 5.0;
				TARGETED_DEVICE_FAMILY = "1,2";
			};
			name = Debug;
		};
		DE147C2E284D0D1100C6D02B /* Release */ = {
			isa = XCBuildConfiguration;
			buildSettings = {
				ASSETCATALOG_COMPILER_APPICON_NAME = AppIcon;
				ASSETCATALOG_COMPILER_GLOBAL_ACCENT_COLOR_NAME = AccentColor;
				CODE_SIGN_STYLE = Automatic;
				CURRENT_PROJECT_VERSION = 1;
				DEVELOPMENT_ASSET_PATHS = "\"Fight2/Preview Content\"";
				DEVELOPMENT_TEAM = 8B64X8G656;
				ENABLE_PREVIEWS = YES;
				GENERATE_INFOPLIST_FILE = YES;
				INFOPLIST_KEY_NSCameraUsageDescription = "";
				INFOPLIST_KEY_UIApplicationSupportsIndirectInputEvents = YES;
				INFOPLIST_KEY_UILaunchScreen_Generation = YES;
				INFOPLIST_KEY_UIRequiredDeviceCapabilities = arkit;
				INFOPLIST_KEY_UIStatusBarHidden = YES;
				INFOPLIST_KEY_UISupportedInterfaceOrientations_iPad = "UIInterfaceOrientationPortrait UIInterfaceOrientationPortraitUpsideDown UIInterfaceOrientationLandscapeLeft UIInterfaceOrientationLandscapeRight";
				INFOPLIST_KEY_UISupportedInterfaceOrientations_iPhone = "UIInterfaceOrientationPortrait UIInterfaceOrientationLandscapeLeft UIInterfaceOrientationLandscapeRight";
				IPHONEOS_DEPLOYMENT_TARGET = 15.0;
				LD_RUNPATH_SEARCH_PATHS = (
					"$(inherited)",
					"@executable_path/Frameworks",
				);
				MARKETING_VERSION = 1.0;
				PRODUCT_BUNDLE_IDENTIFIER = com.brianr.Fight2;
				PRODUCT_NAME = "$(TARGET_NAME)";
				SWIFT_EMIT_LOC_STRINGS = YES;
				SWIFT_VERSION = 5.0;
				TARGETED_DEVICE_FAMILY = "1,2";
			};
			name = Release;
		};
/* End XCBuildConfiguration section */

/* Begin XCConfigurationList section */
		DE147C17284D0D0F00C6D02B /* Build configuration list for PBXProject "Fight2" */ = {
			isa = XCConfigurationList;
			buildConfigurations = (
				DE147C2A284D0D1100C6D02B /* Debug */,
				DE147C2B284D0D1100C6D02B /* Release */,
			);
			defaultConfigurationIsVisible = 0;
			defaultConfigurationName = Release;
		};
		DE147C2C284D0D1100C6D02B /* Build configuration list for PBXNativeTarget "Fight2" */ = {
			isa = XCConfigurationList;
			buildConfigurations = (
				DE147C2D284D0D1100C6D02B /* Debug */,
				DE147C2E284D0D1100C6D02B /* Release */,
			);
			defaultConfigurationIsVisible = 0;
			defaultConfigurationName = Release;
		};
/* End XCConfigurationList section */
	};
	rootObject = DE147C14284D0D0F00C6D02B /* Project object */;
}
